
Microsoft Visual Studio Solution File, Format Version 10.00
# Visual Studio 2008
Project("{FAE04EC0-301F-11D3-BF4B-00C04F79EFBC}") = "Instructiunea if", "Instructiunea if\Instructiunea if.csproj", "{40C62AE8-3FCF-4355-8CD3-56F4465FE26B}"
EndProject
Global
	GlobalSection(SolutionConfigurationPlatforms) = preSolution
		Debug|Any CPU = Debug|Any CPU
		Release|Any CPU = Release|Any CPU
	EndGlobalSection
	GlobalSection(ProjectConfigurationPlatforms) = postSolution
		{40C62AE8-3FCF-4355-8CD3-56F4465FE26B}.Debug|Any CPU.ActiveCfg = Debug|Any CPU
		{40C62AE8-3FCF-4355-8CD3-56F4465FE26B}.Debug|Any CPU.Build.0 = Debug|Any CPU
		{40C62AE8-3FCF-4355-8CD3-56F4465FE26B}.Release|Any CPU.ActiveCfg = Release|Any CPU
		{40C62AE8-3FCF-4355-8CD3-56F4465FE26B}.Release|Any CPU.Build.0 = Release|Any CPU
	EndGlobalSection
	GlobalSection(SolutionProperties) = preSolution
		HideSolutionNode = FALSE
	EndGlobalSection
EndGlobal
